
Microsoft Visual Studio Solution File, Format Version 12.00
# Visual Studio Version 16
VisualStudioVersion = 16.0.30717.126
MinimumVisualStudioVersion = 10.0.40219.1
Project("{FAE04EC0-301F-11D3-BF4B-00C04F79EFBC}") = "MVVM_Gorosko.Android", "MVVM_Gorosko\MVVM_Gorosko.Android\MVVM_Gorosko.Android.csproj", "{A574613B-C6DB-447A-9931-B78D25ECF3B3}"
EndProject
Project("{FAE04EC0-301F-11D3-BF4B-00C04F79EFBC}") = "MVVM_Gorosko.iOS", "MVVM_Gorosko\MVVM_Gorosko.iOS\MVVM_Gorosko.iOS.csproj", "{59015777-B625-4B6A-B23B-9A1A2BFBB615}"
EndProject
Project("{FAE04EC0-301F-11D3-BF4B-00C04F79EFBC}") = "MVVM_Gorosko", "MVVM_Gorosko\MVVM_Gorosko\MVVM_Gorosko.csproj", "{9AA2596E-E65B-4A55-9145-229EEA844061}"
EndProject
Global
	GlobalSection(SolutionConfigurationPlatforms) = preSolution
		Debug|Any CPU = Debug|Any CPU
		Debug|iPhone = Debug|iPhone
		Debug|iPhoneSimulator = Debug|iPhoneSimulator
		Release|Any CPU = Release|Any CPU
		Release|iPhone = Release|iPhone
		Release|iPhoneSimulator = Release|iPhoneSimulator
	EndGlobalSection
	GlobalSection(ProjectConfigurationPlatforms) = postSolution
		{A574613B-C6DB-447A-9931-B78D25ECF3B3}.Debug|Any CPU.ActiveCfg = Debug|Any CPU
		{A574613B-C6DB-447A-9931-B78D25ECF3B3}.Debug|Any CPU.Build.0 = Debug|Any CPU
		{A574613B-C6DB-447A-9931-B78D25ECF3B3}.Debug|Any CPU.Deploy.0 = Debug|Any CPU
		{A574613B-C6DB-447A-9931-B78D25ECF3B3}.Debug|iPhone.ActiveCfg = Debug|Any CPU
		{A574613B-C6DB-447A-9931-B78D25ECF3B3}.Debug|iPhone.Build.0 = Debug|Any CPU
		{A574613B-C6DB-447A-9931-B78D25ECF3B3}.Debug|iPhone.Deploy.0 = Debug|Any CPU
		{A574613B-C6DB-447A-9931-B78D25ECF3B3}.Debug|iPhoneSimulator.ActiveCfg = Debug|Any CPU
		{A574613B-C6DB-447A-9931-B78D25ECF3B3}.Debug|iPhoneSimulator.Build.0 = Debug|Any CPU
		{A574613B-C6DB-447A-9931-B78D25ECF3B3}.Debug|iPhoneSimulator.Deploy.0 = Debug|Any CPU
		{A574613B-C6DB-447A-9931-B78D25ECF3B3}.Release|Any CPU.ActiveCfg = Release|Any CPU
		{A574613B-C6DB-447A-9931-B78D25ECF3B3}.Release|Any CPU.Build.0 = Release|Any CPU
		{A574613B-C6DB-447A-9931-B78D25ECF3B3}.Release|Any CPU.Deploy.0 = Release|Any CPU
		{A574613B-C6DB-447A-9931-B78D25ECF3B3}.Release|iPhone.ActiveCfg = Release|Any CPU
		{A574613B-C6DB-447A-9931-B78D25ECF3B3}.Release|iPhone.Build.0 = Release|Any CPU
		{A574613B-C6DB-447A-9931-B78D25ECF3B3}.Release|iPhone.Deploy.0 = Release|Any CPU
		{A574613B-C6DB-447A-9931-B78D25ECF3B3}.Release|iPhoneSimulator.ActiveCfg = Release|Any CPU
		{A574613B-C6DB-447A-9931-B78D25ECF3B3}.Release|iPhoneSimulator.Build.0 = Release|Any CPU
		{A574613B-C6DB-447A-9931-B78D25ECF3B3}.Release|iPhoneSimulator.Deploy.0 = Release|Any CPU
		{59015777-B625-4B6A-B23B-9A1A2BFBB615}.Debug|Any CPU.ActiveCfg = Debug|iPhone
		{59015777-B625-4B6A-B23B-9A1A2BFBB615}.Debug|Any CPU.Build.0 = Debug|iPhone
		{59015777-B625-4B6A-B23B-9A1A2BFBB615}.Debug|Any CPU.Deploy.0 = Debug|iPhone
		{59015777-B625-4B6A-B23B-9A1A2BFBB615}.Debug|iPhone.ActiveCfg = Debug|iPhone
		{59015777-B625-4B6A-B23B-9A1A2BFBB615}.Debug|iPhone.Build.0 = Debug|iPhone
		{59015777-B625-4B6A-B23B-9A1A2BFBB615}.Debug|iPhone.Deploy.0 = Debug|iPhone
		{59015777-B625-4B6A-B23B-9A1A2BFBB615}.Debug|iPhoneSimulator.ActiveCfg = Debug|iPhoneSimulator
		{59015777-B625-4B6A-B23B-9A1A2BFBB615}.Debug|iPhoneSimulator.Build.0 = Debug|iPhoneSimulator
		{59015777-B625-4B6A-B23B-9A1A2BFBB615}.Debug|iPhoneSimulator.Deploy.0 = Debug|iPhoneSimulator
		{59015777-B625-4B6A-B23B-9A1A2BFBB615}.Release|Any CPU.ActiveCfg = Release|iPhoneSimulator
		{59015777-B625-4B6A-B23B-9A1A2BFBB615}.Release|Any CPU.Build.0 = Release|iPhoneSimulator
		{59015777-B625-4B6A-B23B-9A1A2BFBB615}.Release|Any CPU.Deploy.0 = Release|iPhoneSimulator
		{59015777-B625-4B6A-B23B-9A1A2BFBB615}.Release|iPhone.ActiveCfg = Release|iPhone
		{59015777-B625-4B6A-B23B-9A1A2BFBB615}.Release|iPhone.Build.0 = Release|iPhone
		{59015777-B625-4B6A-B23B-9A1A2BFBB615}.Release|iPhone.Deploy.0 = Release|iPhone
		{59015777-B625-4B6A-B23B-9A1A2BFBB615}.Release|iPhoneSimulator.ActiveCfg = Release|iPhoneSimulator
		{59015777-B625-4B6A-B23B-9A1A2BFBB615}.Release|iPhoneSimulator.Build.0 = Release|iPhoneSimulator
		{59015777-B625-4B6A-B23B-9A1A2BFBB615}.Release|iPhoneSimulator.Deploy.0 = Release|iPhoneSimulator
		{9AA2596E-E65B-4A55-9145-229EEA844061}.Debug|Any CPU.ActiveCfg = Debug|Any CPU
		{9AA2596E-E65B-4A55-9145-229EEA844061}.Debug|Any CPU.Build.0 = Debug|Any CPU
		{9AA2596E-E65B-4A55-9145-229EEA844061}.Debug|Any CPU.Deploy.0 = Debug|Any CPU
		{9AA2596E-E65B-4A55-9145-229EEA844061}.Debug|iPhone.ActiveCfg = Debug|Any CPU
		{9AA2596E-E65B-4A55-9145-229EEA844061}.Debug|iPhone.Build.0 = Debug|Any CPU
		{9AA2596E-E65B-4A55-9145-229EEA844061}.Debug|iPhone.Deploy.0 = Debug|Any CPU
		{9AA2596E-E65B-4A55-9145-229EEA844061}.Debug|iPhoneSimulator.ActiveCfg = Debug|Any CPU
		{9AA2596E-E65B-4A55-9145-229EEA844061}.Debug|iPhoneSimulator.Build.0 = Debug|Any CPU
		{9AA2596E-E65B-4A55-9145-229EEA844061}.Debug|iPhoneSimulator.Deploy.0 = Debug|Any CPU
		{9AA2596E-E65B-4A55-9145-229EEA844061}.Release|Any CPU.ActiveCfg = Release|Any CPU
		{9AA2596E-E65B-4A55-9145-229EEA844061}.Release|Any CPU.Build.0 = Release|Any CPU
		{9AA2596E-E65B-4A55-9145-229EEA844061}.Release|Any CPU.Deploy.0 = Release|Any CPU
		{9AA2596E-E65B-4A55-9145-229EEA844061}.Release|iPhone.ActiveCfg = Release|Any CPU
		{9AA2596E-E65B-4A55-9145-229EEA844061}.Release|iPhone.Build.0 = Release|Any CPU
		{9AA2596E-E65B-4A55-9145-229EEA844061}.Release|iPhone.Deploy.0 = Release|Any CPU
		{9AA2596E-E65B-4A55-9145-229EEA844061}.Release|iPhoneSimulator.ActiveCfg = Release|Any CPU
		{9AA2596E-E65B-4A55-9145-229EEA844061}.Release|iPhoneSimulator.Build.0 = Release|Any CPU
		{9AA2596E-E65B-4A55-9145-229EEA844061}.Release|iPhoneSimulator.Deploy.0 = Release|Any CPU
	EndGlobalSection
	GlobalSection(SolutionProperties) = preSolution
		HideSolutionNode = FALSE
	EndGlobalSection
	GlobalSection(ExtensibilityGlobals) = postSolution
		SolutionGuid = {5A4B347F-B512-4C50-83C2-A7D40F700AFA}
	EndGlobalSection
EndGlobal
